// !$*UTF8*$!
{
	archiveVersion = 1;
	classes = {
	};
	objectVersion = 56;
	objects = {

/* Begin PBXBuildFile section */
		4F0736942A81E31B00A82340 /* CameraTokAppApp.swift in Sources */ = {isa = PBXBuildFile; fileRef = 4F0736932A81E31B00A82340 /* CameraTokAppApp.swift */; };
		4F0736982A81E31C00A82340 /* Assets.xcassets in Resources */ = {isa = PBXBuildFile; fileRef = 4F0736972A81E31C00A82340 /* Assets.xcassets */; };
		4F07369B2A81E31C00A82340 /* Preview Assets.xcassets in Resources */ = {isa = PBXBuildFile; fileRef = 4F07369A2A81E31C00A82340 /* Preview Assets.xcassets */; };
		4F0736A52A81E31C00A82340 /* CameraTokAppTests.swift in Sources */ = {isa = PBXBuildFile; fileRef = 4F0736A42A81E31C00A82340 /* CameraTokAppTests.swift */; };
		4FD1EA172A81E54F0046D4DC /* VideoGalleryView.swift in Sources */ = {isa = PBXBuildFile; fileRef = 4FD1EA162A81E54F0046D4DC /* VideoGalleryView.swift */; };
		4FD1EA192A81E60E0046D4DC /* VideoGalleryViewModel.swift in Sources */ = {isa = PBXBuildFile; fileRef = 4FD1EA182A81E60E0046D4DC /* VideoGalleryViewModel.swift */; };
		4FD1EA202A81E72F0046D4DC /* CameraTok.framework in Frameworks */ = {isa = PBXBuildFile; fileRef = 4FD1EA1F2A81E72F0046D4DC /* CameraTok.framework */; };
		4FD1EA212A81E72F0046D4DC /* CameraTok.framework in Embed Frameworks */ = {isa = PBXBuildFile; fileRef = 4FD1EA1F2A81E72F0046D4DC /* CameraTok.framework */; settings = {ATTRIBUTES = (CodeSignOnCopy, RemoveHeadersOnCopy, ); }; };
		4FD1EA242A81F1D50046D4DC /* VideoGalleryCell.swift in Sources */ = {isa = PBXBuildFile; fileRef = 4FD1EA232A81F1D50046D4DC /* VideoGalleryCell.swift */; };
		4FD1EA262A81F20A0046D4DC /* VideoGalleryCellViewModel.swift in Sources */ = {isa = PBXBuildFile; fileRef = 4FD1EA252A81F20A0046D4DC /* VideoGalleryCellViewModel.swift */; };
		4FD1EA2B2A81F6580046D4DC /* GalleryUIComposer.swift in Sources */ = {isa = PBXBuildFile; fileRef = 4FD1EA2A2A81F6580046D4DC /* GalleryUIComposer.swift */; };
/* End PBXBuildFile section */

/* Begin PBXContainerItemProxy section */
		4F0736A12A81E31C00A82340 /* PBXContainerItemProxy */ = {
			isa = PBXContainerItemProxy;
			containerPortal = 4F0736882A81E31B00A82340 /* Project object */;
			proxyType = 1;
			remoteGlobalIDString = 4F07368F2A81E31B00A82340;
			remoteInfo = CameraTokApp;
		};
/* End PBXContainerItemProxy section */

/* Begin PBXCopyFilesBuildPhase section */
		4FD1EA222A81E72F0046D4DC /* Embed Frameworks */ = {
			isa = PBXCopyFilesBuildPhase;
			buildActionMask = 2147483647;
			dstPath = "";
			dstSubfolderSpec = 10;
			files = (
				4FD1EA212A81E72F0046D4DC /* CameraTok.framework in Embed Frameworks */,
			);
			name = "Embed Frameworks";
			runOnlyForDeploymentPostprocessing = 0;
		};
/* End PBXCopyFilesBuildPhase section */

/* Begin PBXFileReference section */
		4F0736902A81E31B00A82340 /* CameraTokApp.app */ = {isa = PBXFileReference; explicitFileType = wrapper.application; includeInIndex = 0; path = CameraTokApp.app; sourceTree = BUILT_PRODUCTS_DIR; };
		4F0736932A81E31B00A82340 /* CameraTokAppApp.swift */ = {isa = PBXFileReference; lastKnownFileType = sourcecode.swift; path = CameraTokAppApp.swift; sourceTree = "<group>"; };
		4F0736972A81E31C00A82340 /* Assets.xcassets */ = {isa = PBXFileReference; lastKnownFileType = folder.assetcatalog; path = Assets.xcassets; sourceTree = "<group>"; };
		4F07369A2A81E31C00A82340 /* Preview Assets.xcassets */ = {isa = PBXFileReference; lastKnownFileType = folder.assetcatalog; path = "Preview Assets.xcassets"; sourceTree = "<group>"; };
		4F0736A02A81E31C00A82340 /* CameraTokAppTests.xctest */ = {isa = PBXFileReference; explicitFileType = wrapper.cfbundle; includeInIndex = 0; path = CameraTokAppTests.xctest; sourceTree = BUILT_PRODUCTS_DIR; };
		4F0736A42A81E31C00A82340 /* CameraTokAppTests.swift */ = {isa = PBXFileReference; lastKnownFileType = sourcecode.swift; path = CameraTokAppTests.swift; sourceTree = "<group>"; };
		4FD1EA162A81E54F0046D4DC /* VideoGalleryView.swift */ = {isa = PBXFileReference; lastKnownFileType = sourcecode.swift; path = VideoGalleryView.swift; sourceTree = "<group>"; };
		4FD1EA182A81E60E0046D4DC /* VideoGalleryViewModel.swift */ = {isa = PBXFileReference; lastKnownFileType = sourcecode.swift; path = VideoGalleryViewModel.swift; sourceTree = "<group>"; };
		4FD1EA1B2A81E6BB0046D4DC /* CameraTok.framework */ = {isa = PBXFileReference; explicitFileType = wrapper.framework; path = CameraTok.framework; sourceTree = BUILT_PRODUCTS_DIR; };
		4FD1EA1F2A81E72F0046D4DC /* CameraTok.framework */ = {isa = PBXFileReference; explicitFileType = wrapper.framework; path = CameraTok.framework; sourceTree = BUILT_PRODUCTS_DIR; };
		4FD1EA232A81F1D50046D4DC /* VideoGalleryCell.swift */ = {isa = PBXFileReference; lastKnownFileType = sourcecode.swift; path = VideoGalleryCell.swift; sourceTree = "<group>"; };
		4FD1EA252A81F20A0046D4DC /* VideoGalleryCellViewModel.swift */ = {isa = PBXFileReference; lastKnownFileType = sourcecode.swift; path = VideoGalleryCellViewModel.swift; sourceTree = "<group>"; };
		4FD1EA2A2A81F6580046D4DC /* GalleryUIComposer.swift */ = {isa = PBXFileReference; lastKnownFileType = sourcecode.swift; path = GalleryUIComposer.swift; sourceTree = "<group>"; };
/* End PBXFileReference section */

/* Begin PBXFrameworksBuildPhase section */
		4F07368D2A81E31B00A82340 /* Frameworks */ = {
			isa = PBXFrameworksBuildPhase;
			buildActionMask = 2147483647;
			files = (
				4FD1EA202A81E72F0046D4DC /* CameraTok.framework in Frameworks */,
			);
			runOnlyForDeploymentPostprocessing = 0;
		};
		4F07369D2A81E31C00A82340 /* Frameworks */ = {
			isa = PBXFrameworksBuildPhase;
			buildActionMask = 2147483647;
			files = (
			);
			runOnlyForDeploymentPostprocessing = 0;
		};
/* End PBXFrameworksBuildPhase section */

/* Begin PBXGroup section */
		4F0736872A81E31B00A82340 = {
			isa = PBXGroup;
			children = (
				4F0736922A81E31B00A82340 /* CameraTokApp */,
				4F0736A32A81E31C00A82340 /* CameraTokAppTests */,
				4F0736912A81E31B00A82340 /* Products */,
				4FD1EA1A2A81E6BB0046D4DC /* Frameworks */,
			);
			sourceTree = "<group>";
		};
		4F0736912A81E31B00A82340 /* Products */ = {
			isa = PBXGroup;
			children = (
				4F0736902A81E31B00A82340 /* CameraTokApp.app */,
				4F0736A02A81E31C00A82340 /* CameraTokAppTests.xctest */,
			);
			name = Products;
			sourceTree = "<group>";
		};
		4F0736922A81E31B00A82340 /* CameraTokApp */ = {
			isa = PBXGroup;
			children = (
				4FD1EA152A81E5250046D4DC /* Gallery UI */,
				4F0736932A81E31B00A82340 /* CameraTokAppApp.swift */,
				4F0736972A81E31C00A82340 /* Assets.xcassets */,
				4F0736992A81E31C00A82340 /* Preview Content */,
			);
			path = CameraTokApp;
			sourceTree = "<group>";
		};
		4F0736992A81E31C00A82340 /* Preview Content */ = {
			isa = PBXGroup;
			children = (
				4F07369A2A81E31C00A82340 /* Preview Assets.xcassets */,
			);
			path = "Preview Content";
			sourceTree = "<group>";
		};
		4F0736A32A81E31C00A82340 /* CameraTokAppTests */ = {
			isa = PBXGroup;
			children = (
				4F0736A42A81E31C00A82340 /* CameraTokAppTests.swift */,
			);
			path = CameraTokAppTests;
			sourceTree = "<group>";
		};
		4FD1EA152A81E5250046D4DC /* Gallery UI */ = {
			isa = PBXGroup;
			children = (
				4FD1EA272A81F62A0046D4DC /* Composer */,
				4FD1EA292A81F6390046D4DC /* Views */,
				4FD1EA282A81F6340046D4DC /* Models */,
			);
			path = "Gallery UI";
			sourceTree = "<group>";
		};
		4FD1EA1A2A81E6BB0046D4DC /* Frameworks */ = {
			isa = PBXGroup;
			children = (
				4FD1EA1F2A81E72F0046D4DC /* CameraTok.framework */,
				4FD1EA1B2A81E6BB0046D4DC /* CameraTok.framework */,
			);
			name = Frameworks;
			sourceTree = "<group>";
		};
		4FD1EA272A81F62A0046D4DC /* Composer */ = {
			isa = PBXGroup;
			children = (
				4FD1EA2A2A81F6580046D4DC /* GalleryUIComposer.swift */,
			);
			path = Composer;
			sourceTree = "<group>";
		};
		4FD1EA282A81F6340046D4DC /* Models */ = {
			isa = PBXGroup;
			children = (
				4FD1EA182A81E60E0046D4DC /* VideoGalleryViewModel.swift */,
				4FD1EA252A81F20A0046D4DC /* VideoGalleryCellViewModel.swift */,
			);
			path = Models;
			sourceTree = "<group>";
		};
		4FD1EA292A81F6390046D4DC /* Views */ = {
			isa = PBXGroup;
			children = (
				4FD1EA162A81E54F0046D4DC /* VideoGalleryView.swift */,
				4FD1EA232A81F1D50046D4DC /* VideoGalleryCell.swift */,
			);
			path = Views;
			sourceTree = "<group>";
		};
/* End PBXGroup section */

/* Begin PBXNativeTarget section */
		4F07368F2A81E31B00A82340 /* CameraTokApp */ = {
			isa = PBXNativeTarget;
			buildConfigurationList = 4F0736B42A81E31C00A82340 /* Build configuration list for PBXNativeTarget "CameraTokApp" */;
			buildPhases = (
				4F07368C2A81E31B00A82340 /* Sources */,
				4F07368D2A81E31B00A82340 /* Frameworks */,
				4F07368E2A81E31B00A82340 /* Resources */,
				4FD1EA222A81E72F0046D4DC /* Embed Frameworks */,
			);
			buildRules = (
			);
			dependencies = (
			);
			name = CameraTokApp;
			productName = CameraTokApp;
			productReference = 4F0736902A81E31B00A82340 /* CameraTokApp.app */;
			productType = "com.apple.product-type.application";
		};
		4F07369F2A81E31C00A82340 /* CameraTokAppTests */ = {
			isa = PBXNativeTarget;
			buildConfigurationList = 4F0736B72A81E31C00A82340 /* Build configuration list for PBXNativeTarget "CameraTokAppTests" */;
			buildPhases = (
				4F07369C2A81E31C00A82340 /* Sources */,
				4F07369D2A81E31C00A82340 /* Frameworks */,
				4F07369E2A81E31C00A82340 /* Resources */,
			);
			buildRules = (
			);
			dependencies = (
				4F0736A22A81E31C00A82340 /* PBXTargetDependency */,
			);
			name = CameraTokAppTests;
			productName = CameraTokAppTests;
			productReference = 4F0736A02A81E31C00A82340 /* CameraTokAppTests.xctest */;
			productType = "com.apple.product-type.bundle.unit-test";
		};
/* End PBXNativeTarget section */

/* Begin PBXProject section */
		4F0736882A81E31B00A82340 /* Project object */ = {
			isa = PBXProject;
			attributes = {
				BuildIndependentTargetsInParallel = 1;
				LastSwiftUpdateCheck = 1430;
				LastUpgradeCheck = 1430;
				TargetAttributes = {
					4F07368F2A81E31B00A82340 = {
						CreatedOnToolsVersion = 14.3.1;
					};
					4F07369F2A81E31C00A82340 = {
						CreatedOnToolsVersion = 14.3.1;
						TestTargetID = 4F07368F2A81E31B00A82340;
					};
				};
			};
			buildConfigurationList = 4F07368B2A81E31B00A82340 /* Build configuration list for PBXProject "CameraTokApp" */;
			compatibilityVersion = "Xcode 14.0";
			developmentRegion = en;
			hasScannedForEncodings = 0;
			knownRegions = (
				en,
				Base,
			);
			mainGroup = 4F0736872A81E31B00A82340;
			productRefGroup = 4F0736912A81E31B00A82340 /* Products */;
			projectDirPath = "";
			projectRoot = "";
			targets = (
				4F07368F2A81E31B00A82340 /* CameraTokApp */,
				4F07369F2A81E31C00A82340 /* CameraTokAppTests */,
			);
		};
/* End PBXProject section */

/* Begin PBXResourcesBuildPhase section */
		4F07368E2A81E31B00A82340 /* Resources */ = {
			isa = PBXResourcesBuildPhase;
			buildActionMask = 2147483647;
			files = (
				4F07369B2A81E31C00A82340 /* Preview Assets.xcassets in Resources */,
				4F0736982A81E31C00A82340 /* Assets.xcassets in Resources */,
			);
			runOnlyForDeploymentPostprocessing = 0;
		};
		4F07369E2A81E31C00A82340 /* Resources */ = {
			isa = PBXResourcesBuildPhase;
			buildActionMask = 2147483647;
			files = (
			);
			runOnlyForDeploymentPostprocessing = 0;
		};
/* End PBXResourcesBuildPhase section */

/* Begin PBXSourcesBuildPhase section */
		4F07368C2A81E31B00A82340 /* Sources */ = {
			isa = PBXSourcesBuildPhase;
			buildActionMask = 2147483647;
			files = (
				4FD1EA2B2A81F6580046D4DC /* GalleryUIComposer.swift in Sources */,
				4FD1EA262A81F20A0046D4DC /* VideoGalleryCellViewModel.swift in Sources */,
				4FD1EA242A81F1D50046D4DC /* VideoGalleryCell.swift in Sources */,
				4FD1EA192A81E60E0046D4DC /* VideoGalleryViewModel.swift in Sources */,
				4F0736942A81E31B00A82340 /* CameraTokAppApp.swift in Sources */,
				4FD1EA172A81E54F0046D4DC /* VideoGalleryView.swift in Sources */,
			);
			runOnlyForDeploymentPostprocessing = 0;
		};
		4F07369C2A81E31C00A82340 /* Sources */ = {
			isa = PBXSourcesBuildPhase;
			buildActionMask = 2147483647;
			files = (
				4F0736A52A81E31C00A82340 /* CameraTokAppTests.swift in Sources */,
			);
			runOnlyForDeploymentPostprocessing = 0;
		};
/* End PBXSourcesBuildPhase section */

/* Begin PBXTargetDependency section */
		4F0736A22A81E31C00A82340 /* PBXTargetDependency */ = {
			isa = PBXTargetDependency;
			target = 4F07368F2A81E31B00A82340 /* CameraTokApp */;
			targetProxy = 4F0736A12A81E31C00A82340 /* PBXContainerItemProxy */;
		};
/* End PBXTargetDependency section */

/* Begin XCBuildConfiguration section */
		4F0736B22A81E31C00A82340 /* Debug */ = {
			isa = XCBuildConfiguration;
			buildSettings = {
				ALWAYS_SEARCH_USER_PATHS = NO;
				CLANG_ANALYZER_NONNULL = YES;
				CLANG_ANALYZER_NUMBER_OBJECT_CONVERSION = YES_AGGRESSIVE;
				CLANG_CXX_LANGUAGE_STANDARD = "gnu++20";
				CLANG_ENABLE_MODULES = YES;
				CLANG_ENABLE_OBJC_ARC = YES;
				CLANG_ENABLE_OBJC_WEAK = YES;
				CLANG_WARN_BLOCK_CAPTURE_AUTORELEASING = YES;
				CLANG_WARN_BOOL_CONVERSION = YES;
				CLANG_WARN_COMMA = YES;
				CLANG_WARN_CONSTANT_CONVERSION = YES;
				CLANG_WARN_DEPRECATED_OBJC_IMPLEMENTATIONS = YES;
				CLANG_WARN_DIRECT_OBJC_ISA_USAGE = YES_ERROR;
				CLANG_WARN_DOCUMENTATION_COMMENTS = YES;
				CLANG_WARN_EMPTY_BODY = YES;
				CLANG_WARN_ENUM_CONVERSION = YES;
				CLANG_WARN_INFINITE_RECURSION = YES;
				CLANG_WARN_INT_CONVERSION = YES;
				CLANG_WARN_NON_LITERAL_NULL_CONVERSION = YES;
				CLANG_WARN_OBJC_IMPLICIT_RETAIN_SELF = YES;
				CLANG_WARN_OBJC_LITERAL_CONVERSION = YES;
				CLANG_WARN_OBJC_ROOT_CLASS = YES_ERROR;
				CLANG_WARN_QUOTED_INCLUDE_IN_FRAMEWORK_HEADER = YES;
				CLANG_WARN_RANGE_LOOP_ANALYSIS = YES;
				CLANG_WARN_STRICT_PROTOTYPES = YES;
				CLANG_WARN_SUSPICIOUS_MOVE = YES;
				CLANG_WARN_UNGUARDED_AVAILABILITY = YES_AGGRESSIVE;
				CLANG_WARN_UNREACHABLE_CODE = YES;
				CLANG_WARN__DUPLICATE_METHOD_MATCH = YES;
				COPY_PHASE_STRIP = NO;
				DEBUG_INFORMATION_FORMAT = dwarf;
				ENABLE_STRICT_OBJC_MSGSEND = YES;
				ENABLE_TESTABILITY = YES;
				GCC_C_LANGUAGE_STANDARD = gnu11;
				GCC_DYNAMIC_NO_PIC = NO;
				GCC_NO_COMMON_BLOCKS = YES;
				GCC_OPTIMIZATION_LEVEL = 0;
				GCC_PREPROCESSOR_DEFINITIONS = (
					"DEBUG=1",
					"$(inherited)",
				);
				GCC_WARN_64_TO_32_BIT_CONVERSION = YES;
				GCC_WARN_ABOUT_RETURN_TYPE = YES_ERROR;
				GCC_WARN_UNDECLARED_SELECTOR = YES;
				GCC_WARN_UNINITIALIZED_AUTOS = YES_AGGRESSIVE;
				GCC_WARN_UNUSED_FUNCTION = YES;
				GCC_WARN_UNUSED_VARIABLE = YES;
				IPHONEOS_DEPLOYMENT_TARGET = 16.4;
				MTL_ENABLE_DEBUG_INFO = INCLUDE_SOURCE;
				MTL_FAST_MATH = YES;
				ONLY_ACTIVE_ARCH = YES;
				SDKROOT = iphoneos;
				SWIFT_ACTIVE_COMPILATION_CONDITIONS = DEBUG;
				SWIFT_OPTIMIZATION_LEVEL = "-Onone";
			};
			name = Debug;
		};
		4F0736B32A81E31C00A82340 /* Release */ = {
			isa = XCBuildConfiguration;
			buildSettings = {
				ALWAYS_SEARCH_USER_PATHS = NO;
				CLANG_ANALYZER_NONNULL = YES;
				CLANG_ANALYZER_NUMBER_OBJECT_CONVERSION = YES_AGGRESSIVE;
				CLANG_CXX_LANGUAGE_STANDARD = "gnu++20";
				CLANG_ENABLE_MODULES = YES;
				CLANG_ENABLE_OBJC_ARC = YES;
				CLANG_ENABLE_OBJC_WEAK = YES;
				CLANG_WARN_BLOCK_CAPTURE_AUTORELEASING = YES;
				CLANG_WARN_BOOL_CONVERSION = YES;
				CLANG_WARN_COMMA = YES;
				CLANG_WARN_CONSTANT_CONVERSION = YES;
				CLANG_WARN_DEPRECATED_OBJC_IMPLEMENTATIONS = YES;
				CLANG_WARN_DIRECT_OBJC_ISA_USAGE = YES_ERROR;
				CLANG_WARN_DOCUMENTATION_COMMENTS = YES;
				CLANG_WARN_EMPTY_BODY = YES;
				CLANG_WARN_ENUM_CONVERSION = YES;
				CLANG_WARN_INFINITE_RECURSION = YES;
				CLANG_WARN_INT_CONVERSION = YES;
				CLANG_WARN_NON_LITERAL_NULL_CONVERSION = YES;
				CLANG_WARN_OBJC_IMPLICIT_RETAIN_SELF = YES;
				CLANG_WARN_OBJC_LITERAL_CONVERSION = YES;
				CLANG_WARN_OBJC_ROOT_CLASS = YES_ERROR;
				CLANG_WARN_QUOTED_INCLUDE_IN_FRAMEWORK_HEADER = YES;
				CLANG_WARN_RANGE_LOOP_ANALYSIS = YES;
				CLANG_WARN_STRICT_PROTOTYPES = YES;
				CLANG_WARN_SUSPICIOUS_MOVE = YES;
				CLANG_WARN_UNGUARDED_AVAILABILITY = YES_AGGRESSIVE;
				CLANG_WARN_UNREACHABLE_CODE = YES;
				CLANG_WARN__DUPLICATE_METHOD_MATCH = YES;
				COPY_PHASE_STRIP = NO;
				DEBUG_INFORMATION_FORMAT = "dwarf-with-dsym";
				ENABLE_NS_ASSERTIONS = NO;
				ENABLE_STRICT_OBJC_MSGSEND = YES;
				GCC_C_LANGUAGE_STANDARD = gnu11;
				GCC_NO_COMMON_BLOCKS = YES;
				GCC_WARN_64_TO_32_BIT_CONVERSION = YES;
				GCC_WARN_ABOUT_RETURN_TYPE = YES_ERROR;
				GCC_WARN_UNDECLARED_SELECTOR = YES;
				GCC_WARN_UNINITIALIZED_AUTOS = YES_AGGRESSIVE;
				GCC_WARN_UNUSED_FUNCTION = YES;
				GCC_WARN_UNUSED_VARIABLE = YES;
				IPHONEOS_DEPLOYMENT_TARGET = 16.4;
				MTL_ENABLE_DEBUG_INFO = NO;
				MTL_FAST_MATH = YES;
				SDKROOT = iphoneos;
				SWIFT_COMPILATION_MODE = wholemodule;
				SWIFT_OPTIMIZATION_LEVEL = "-O";
				VALIDATE_PRODUCT = YES;
			};
			name = Release;
		};
		4F0736B52A81E31C00A82340 /* Debug */ = {
			isa = XCBuildConfiguration;
			buildSettings = {
				ASSETCATALOG_COMPILER_APPICON_NAME = AppIcon;
				ASSETCATALOG_COMPILER_GLOBAL_ACCENT_COLOR_NAME = AccentColor;
				CODE_SIGN_STYLE = Automatic;
				CURRENT_PROJECT_VERSION = 1;
				DEVELOPMENT_ASSET_PATHS = "\"CameraTokApp/Preview Content\"";
				DEVELOPMENT_TEAM = TF59LXWJ93;
				ENABLE_PREVIEWS = YES;
				GENERATE_INFOPLIST_FILE = YES;
				INFOPLIST_KEY_NSPhotoLibraryUsageDescription = "Allow access to gallery to use the app";
				INFOPLIST_KEY_UIApplicationSceneManifest_Generation = YES;
				INFOPLIST_KEY_UIApplicationSupportsIndirectInputEvents = YES;
				INFOPLIST_KEY_UILaunchScreen_Generation = YES;
				INFOPLIST_KEY_UISupportedInterfaceOrientations_iPad = "UIInterfaceOrientationPortrait UIInterfaceOrientationPortraitUpsideDown UIInterfaceOrientationLandscapeLeft UIInterfaceOrientationLandscapeRight";
				INFOPLIST_KEY_UISupportedInterfaceOrientations_iPhone = "UIInterfaceOrientationPortrait UIInterfaceOrientationLandscapeLeft UIInterfaceOrientationLandscapeRight";
				LD_RUNPATH_SEARCH_PATHS = (
					"$(inherited)",
					"@executable_path/Frameworks",
				);
				MARKETING_VERSION = 1.0;
				PRODUCT_BUNDLE_IDENTIFIER = com.flavrs.CameraTokApp;
				PRODUCT_NAME = "$(TARGET_NAME)";
				SWIFT_EMIT_LOC_STRINGS = YES;
				SWIFT_VERSION = 5.0;
				TARGETED_DEVICE_FAMILY = "1,2";
			};
			name = Debug;
		};
		4F0736B62A81E31C00A82340 /* Release */ = {
			isa = XCBuildConfiguration;
			buildSettings = {
				ASSETCATALOG_COMPILER_APPICON_NAME = AppIcon;
				ASSETCATALOG_COMPILER_GLOBAL_ACCENT_COLOR_NAME = AccentColor;
				CODE_SIGN_STYLE = Automatic;
				CURRENT_PROJECT_VERSION = 1;
				DEVELOPMENT_ASSET_PATHS = "\"CameraTokApp/Preview Content\"";
				DEVELOPMENT_TEAM = TF59LXWJ93;
				ENABLE_PREVIEWS = YES;
				GENERATE_INFOPLIST_FILE = YES;
				INFOPLIST_KEY_NSPhotoLibraryUsageDescription = "Allow access to gallery to use the app";
				INFOPLIST_KEY_UIApplicationSceneManifest_Generation = YES;
				INFOPLIST_KEY_UIApplicationSupportsIndirectInputEvents = YES;
				INFOPLIST_KEY_UILaunchScreen_Generation = YES;
				INFOPLIST_KEY_UISupportedInterfaceOrientations_iPad = "UIInterfaceOrientationPortrait UIInterfaceOrientationPortraitUpsideDown UIInterfaceOrientationLandscapeLeft UIInterfaceOrientationLandscapeRight";
				INFOPLIST_KEY_UISupportedInterfaceOrientations_iPhone = "UIInterfaceOrientationPortrait UIInterfaceOrientationLandscapeLeft UIInterfaceOrientationLandscapeRight";
				LD_RUNPATH_SEARCH_PATHS = (
					"$(inherited)",
					"@executable_path/Frameworks",
				);
				MARKETING_VERSION = 1.0;
				PRODUCT_BUNDLE_IDENTIFIER = com.flavrs.CameraTokApp;
				PRODUCT_NAME = "$(TARGET_NAME)";
				SWIFT_EMIT_LOC_STRINGS = YES;
				SWIFT_VERSION = 5.0;
				TARGETED_DEVICE_FAMILY = "1,2";
			};
			name = Release;
		};
		4F0736B82A81E31C00A82340 /* Debug */ = {
			isa = XCBuildConfiguration;
			buildSettings = {
				ALWAYS_EMBED_SWIFT_STANDARD_LIBRARIES = YES;
				BUNDLE_LOADER = "$(TEST_HOST)";
				CODE_SIGN_STYLE = Automatic;
				CURRENT_PROJECT_VERSION = 1;
				DEVELOPMENT_TEAM = TF59LXWJ93;
				GENERATE_INFOPLIST_FILE = YES;
				IPHONEOS_DEPLOYMENT_TARGET = 16.4;
				MARKETING_VERSION = 1.0;
				PRODUCT_BUNDLE_IDENTIFIER = com.flavrs.CameraTokAppTests;
				PRODUCT_NAME = "$(TARGET_NAME)";
				SWIFT_EMIT_LOC_STRINGS = NO;
				SWIFT_VERSION = 5.0;
				TARGETED_DEVICE_FAMILY = "1,2";
				TEST_HOST = "$(BUILT_PRODUCTS_DIR)/CameraTokApp.app/$(BUNDLE_EXECUTABLE_FOLDER_PATH)/CameraTokApp";
			};
			name = Debug;
		};
		4F0736B92A81E31C00A82340 /* Release */ = {
			isa = XCBuildConfiguration;
			buildSettings = {
				ALWAYS_EMBED_SWIFT_STANDARD_LIBRARIES = YES;
				BUNDLE_LOADER = "$(TEST_HOST)";
				CODE_SIGN_STYLE = Automatic;
				CURRENT_PROJECT_VERSION = 1;
				DEVELOPMENT_TEAM = TF59LXWJ93;
				GENERATE_INFOPLIST_FILE = YES;
				IPHONEOS_DEPLOYMENT_TARGET = 16.4;
				MARKETING_VERSION = 1.0;
				PRODUCT_BUNDLE_IDENTIFIER = com.flavrs.CameraTokAppTests;
				PRODUCT_NAME = "$(TARGET_NAME)";
				SWIFT_EMIT_LOC_STRINGS = NO;
				SWIFT_VERSION = 5.0;
				TARGETED_DEVICE_FAMILY = "1,2";
				TEST_HOST = "$(BUILT_PRODUCTS_DIR)/CameraTokApp.app/$(BUNDLE_EXECUTABLE_FOLDER_PATH)/CameraTokApp";
			};
			name = Release;
		};
/* End XCBuildConfiguration section */

/* Begin XCConfigurationList section */
		4F07368B2A81E31B00A82340 /* Build configuration list for PBXProject "CameraTokApp" */ = {
			isa = XCConfigurationList;
			buildConfigurations = (
				4F0736B22A81E31C00A82340 /* Debug */,
				4F0736B32A81E31C00A82340 /* Release */,
			);
			defaultConfigurationIsVisible = 0;
			defaultConfigurationName = Release;
		};
		4F0736B42A81E31C00A82340 /* Build configuration list for PBXNativeTarget "CameraTokApp" */ = {
			isa = XCConfigurationList;
			buildConfigurations = (
				4F0736B52A81E31C00A82340 /* Debug */,
				4F0736B62A81E31C00A82340 /* Release */,
			);
			defaultConfigurationIsVisible = 0;
			defaultConfigurationName = Release;
		};
		4F0736B72A81E31C00A82340 /* Build configuration list for PBXNativeTarget "CameraTokAppTests" */ = {
			isa = XCConfigurationList;
			buildConfigurations = (
				4F0736B82A81E31C00A82340 /* Debug */,
				4F0736B92A81E31C00A82340 /* Release */,
			);
			defaultConfigurationIsVisible = 0;
			defaultConfigurationName = Release;
		};
/* End XCConfigurationList section */
	};
	rootObject = 4F0736882A81E31B00A82340 /* Project object */;
}
