// !$*UTF8*$!
{
	archiveVersion = 1;
	classes = {
	};
	objectVersion = 56;
	objects = {

/* Begin PBXBuildFile section */
		4F0736552A81D1DD00A82340 /* PhotoKitVideoDataLibrary.swift in Sources */ = {isa = PBXBuildFile; fileRef = 4F0736542A81D1DD00A82340 /* PhotoKitVideoDataLibrary.swift */; };
		4F27DF922A846543009A2738 /* RateCache.swift in Sources */ = {isa = PBXBuildFile; fileRef = 4F27DF912A846543009A2738 /* RateCache.swift */; };
		4F27DF952A8466C7009A2738 /* LocalRateLoader.swift in Sources */ = {isa = PBXBuildFile; fileRef = 4F27DF942A8466C7009A2738 /* LocalRateLoader.swift */; };
		4F27DF972A8466FD009A2738 /* RateStore.swift in Sources */ = {isa = PBXBuildFile; fileRef = 4F27DF962A8466FD009A2738 /* RateStore.swift */; };
		4F27DF992A846763009A2738 /* RateItem.swift in Sources */ = {isa = PBXBuildFile; fileRef = 4F27DF982A846763009A2738 /* RateItem.swift */; };
		4F27DF9B2A8468F8009A2738 /* CodableRateStore.swift in Sources */ = {isa = PBXBuildFile; fileRef = 4F27DF9A2A8468F8009A2738 /* CodableRateStore.swift */; };
		4F27DF9D2A84AFE4009A2738 /* LocalRateLoaderTests.swift in Sources */ = {isa = PBXBuildFile; fileRef = 4F27DF9C2A84AFE4009A2738 /* LocalRateLoaderTests.swift */; };
		4F27DF9F2A84B02F009A2738 /* RateStoreSpy.swift in Sources */ = {isa = PBXBuildFile; fileRef = 4F27DF9E2A84B02F009A2738 /* RateStoreSpy.swift */; };
		4F27DFA22A84B373009A2738 /* XCTestCase+MemoryLeakTracking.swift in Sources */ = {isa = PBXBuildFile; fileRef = 4F27DFA12A84B373009A2738 /* XCTestCase+MemoryLeakTracking.swift */; };
		4F2821652A818DA5007561A9 /* CameraTok.framework in Frameworks */ = {isa = PBXBuildFile; fileRef = 4F28215C2A818DA5007561A9 /* CameraTok.framework */; };
		4F2821762A8190B4007561A9 /* VideoItem.swift in Sources */ = {isa = PBXBuildFile; fileRef = 4F2821752A8190B4007561A9 /* VideoItem.swift */; };
		4F2821782A819333007561A9 /* VideoGalleryLoader.swift in Sources */ = {isa = PBXBuildFile; fileRef = 4F2821772A819333007561A9 /* VideoGalleryLoader.swift */; };
		4F28217A2A819866007561A9 /* LocalVideoGalleryLoaderTests.swift in Sources */ = {isa = PBXBuildFile; fileRef = 4F2821792A819866007561A9 /* LocalVideoGalleryLoaderTests.swift */; };
		4F28217C2A819CC6007561A9 /* PhotoKitVideoLibrary.swift in Sources */ = {isa = PBXBuildFile; fileRef = 4F28217B2A819CC6007561A9 /* PhotoKitVideoLibrary.swift */; };
		4F28217F2A81B3C5007561A9 /* LocalVideoGalleryLoader.swift in Sources */ = {isa = PBXBuildFile; fileRef = 4F28217E2A81B3C5007561A9 /* LocalVideoGalleryLoader.swift */; };
		4F2821812A81B488007561A9 /* VideoLibrary.swift in Sources */ = {isa = PBXBuildFile; fileRef = 4F2821802A81B488007561A9 /* VideoLibrary.swift */; };
		4F2821832A81C17B007561A9 /* ThumbnailDataLoader.swift in Sources */ = {isa = PBXBuildFile; fileRef = 4F2821822A81C17B007561A9 /* ThumbnailDataLoader.swift */; };
		4F2821852A81C206007561A9 /* LocalThumbnailDataLoader.swift in Sources */ = {isa = PBXBuildFile; fileRef = 4F2821842A81C206007561A9 /* LocalThumbnailDataLoader.swift */; };
		4FCE02F42A830AED00ED8A15 /* VideoDataLoader.swift in Sources */ = {isa = PBXBuildFile; fileRef = 4FCE02F32A830AED00ED8A15 /* VideoDataLoader.swift */; };
		4FCE02FA2A830F0900ED8A15 /* LocalVideoDataLoader.swift in Sources */ = {isa = PBXBuildFile; fileRef = 4FCE02F92A830F0900ED8A15 /* LocalVideoDataLoader.swift */; };
/* End PBXBuildFile section */

/* Begin PBXContainerItemProxy section */
		4F2821662A818DA5007561A9 /* PBXContainerItemProxy */ = {
			isa = PBXContainerItemProxy;
			containerPortal = 4F2821532A818DA5007561A9 /* Project object */;
			proxyType = 1;
			remoteGlobalIDString = 4F28215B2A818DA5007561A9;
			remoteInfo = CameraTok;
		};
/* End PBXContainerItemProxy section */

/* Begin PBXFileReference section */
		4F0736542A81D1DD00A82340 /* PhotoKitVideoDataLibrary.swift */ = {isa = PBXFileReference; lastKnownFileType = sourcecode.swift; path = PhotoKitVideoDataLibrary.swift; sourceTree = "<group>"; };
		4F0736862A81D65F00A82340 /* CameraTokUnitTests.xctestplan */ = {isa = PBXFileReference; lastKnownFileType = text; path = CameraTokUnitTests.xctestplan; sourceTree = "<group>"; };
		4F27DF912A846543009A2738 /* RateCache.swift */ = {isa = PBXFileReference; lastKnownFileType = sourcecode.swift; path = RateCache.swift; sourceTree = "<group>"; };
		4F27DF942A8466C7009A2738 /* LocalRateLoader.swift */ = {isa = PBXFileReference; lastKnownFileType = sourcecode.swift; path = LocalRateLoader.swift; sourceTree = "<group>"; };
		4F27DF962A8466FD009A2738 /* RateStore.swift */ = {isa = PBXFileReference; lastKnownFileType = sourcecode.swift; path = RateStore.swift; sourceTree = "<group>"; };
		4F27DF982A846763009A2738 /* RateItem.swift */ = {isa = PBXFileReference; lastKnownFileType = sourcecode.swift; path = RateItem.swift; sourceTree = "<group>"; };
		4F27DF9A2A8468F8009A2738 /* CodableRateStore.swift */ = {isa = PBXFileReference; lastKnownFileType = sourcecode.swift; path = CodableRateStore.swift; sourceTree = "<group>"; };
		4F27DF9C2A84AFE4009A2738 /* LocalRateLoaderTests.swift */ = {isa = PBXFileReference; lastKnownFileType = sourcecode.swift; path = LocalRateLoaderTests.swift; sourceTree = "<group>"; };
		4F27DF9E2A84B02F009A2738 /* RateStoreSpy.swift */ = {isa = PBXFileReference; lastKnownFileType = sourcecode.swift; path = RateStoreSpy.swift; sourceTree = "<group>"; };
		4F27DFA12A84B373009A2738 /* XCTestCase+MemoryLeakTracking.swift */ = {isa = PBXFileReference; lastKnownFileType = sourcecode.swift; path = "XCTestCase+MemoryLeakTracking.swift"; sourceTree = "<group>"; };
		4F28215C2A818DA5007561A9 /* CameraTok.framework */ = {isa = PBXFileReference; explicitFileType = wrapper.framework; includeInIndex = 0; path = CameraTok.framework; sourceTree = BUILT_PRODUCTS_DIR; };
		4F2821642A818DA5007561A9 /* CameraTokTests.xctest */ = {isa = PBXFileReference; explicitFileType = wrapper.cfbundle; includeInIndex = 0; path = CameraTokTests.xctest; sourceTree = BUILT_PRODUCTS_DIR; };
		4F2821752A8190B4007561A9 /* VideoItem.swift */ = {isa = PBXFileReference; lastKnownFileType = sourcecode.swift; path = VideoItem.swift; sourceTree = "<group>"; };
		4F2821772A819333007561A9 /* VideoGalleryLoader.swift */ = {isa = PBXFileReference; lastKnownFileType = sourcecode.swift; path = VideoGalleryLoader.swift; sourceTree = "<group>"; };
		4F2821792A819866007561A9 /* LocalVideoGalleryLoaderTests.swift */ = {isa = PBXFileReference; lastKnownFileType = sourcecode.swift; path = LocalVideoGalleryLoaderTests.swift; sourceTree = "<group>"; };
		4F28217B2A819CC6007561A9 /* PhotoKitVideoLibrary.swift */ = {isa = PBXFileReference; lastKnownFileType = sourcecode.swift; path = PhotoKitVideoLibrary.swift; sourceTree = "<group>"; };
		4F28217E2A81B3C5007561A9 /* LocalVideoGalleryLoader.swift */ = {isa = PBXFileReference; lastKnownFileType = sourcecode.swift; path = LocalVideoGalleryLoader.swift; sourceTree = "<group>"; };
		4F2821802A81B488007561A9 /* VideoLibrary.swift */ = {isa = PBXFileReference; lastKnownFileType = sourcecode.swift; path = VideoLibrary.swift; sourceTree = "<group>"; };
		4F2821822A81C17B007561A9 /* ThumbnailDataLoader.swift */ = {isa = PBXFileReference; lastKnownFileType = sourcecode.swift; path = ThumbnailDataLoader.swift; sourceTree = "<group>"; };
		4F2821842A81C206007561A9 /* LocalThumbnailDataLoader.swift */ = {isa = PBXFileReference; lastKnownFileType = sourcecode.swift; path = LocalThumbnailDataLoader.swift; sourceTree = "<group>"; };
		4FCE02F32A830AED00ED8A15 /* VideoDataLoader.swift */ = {isa = PBXFileReference; lastKnownFileType = sourcecode.swift; path = VideoDataLoader.swift; sourceTree = "<group>"; };
		4FCE02F92A830F0900ED8A15 /* LocalVideoDataLoader.swift */ = {isa = PBXFileReference; lastKnownFileType = sourcecode.swift; path = LocalVideoDataLoader.swift; sourceTree = "<group>"; };
/* End PBXFileReference section */

/* Begin PBXFrameworksBuildPhase section */
		4F2821592A818DA5007561A9 /* Frameworks */ = {
			isa = PBXFrameworksBuildPhase;
			buildActionMask = 2147483647;
			files = (
			);
			runOnlyForDeploymentPostprocessing = 0;
		};
		4F2821612A818DA5007561A9 /* Frameworks */ = {
			isa = PBXFrameworksBuildPhase;
			buildActionMask = 2147483647;
			files = (
				4F2821652A818DA5007561A9 /* CameraTok.framework in Frameworks */,
			);
			runOnlyForDeploymentPostprocessing = 0;
		};
/* End PBXFrameworksBuildPhase section */

/* Begin PBXGroup section */
		4F0736852A81D64200A82340 /* TestPlans */ = {
			isa = PBXGroup;
			children = (
				4F0736862A81D65F00A82340 /* CameraTokUnitTests.xctestplan */,
			);
			path = TestPlans;
			sourceTree = "<group>";
		};
		4F27DF902A846431009A2738 /* Rate Feature */ = {
			isa = PBXGroup;
			children = (
				4F27DF982A846763009A2738 /* RateItem.swift */,
				4F27DF912A846543009A2738 /* RateCache.swift */,
			);
			path = "Rate Feature";
			sourceTree = "<group>";
		};
		4F27DF932A846696009A2738 /* Rate Cache */ = {
			isa = PBXGroup;
			children = (
				4F27DF942A8466C7009A2738 /* LocalRateLoader.swift */,
				4F27DF962A8466FD009A2738 /* RateStore.swift */,
				4F27DF9A2A8468F8009A2738 /* CodableRateStore.swift */,
			);
			path = "Rate Cache";
			sourceTree = "<group>";
		};
		4F27DFA02A84B368009A2738 /* Helpers */ = {
			isa = PBXGroup;
			children = (
				4F27DF9E2A84B02F009A2738 /* RateStoreSpy.swift */,
				4F27DFA12A84B373009A2738 /* XCTestCase+MemoryLeakTracking.swift */,
			);
			path = Helpers;
			sourceTree = "<group>";
		};
		4F2821522A818DA5007561A9 = {
			isa = PBXGroup;
			children = (
				4F0736852A81D64200A82340 /* TestPlans */,
				4F28215E2A818DA5007561A9 /* CameraTok */,
				4F2821682A818DA5007561A9 /* CameraTokTests */,
				4F28215D2A818DA5007561A9 /* Products */,
			);
			sourceTree = "<group>";
		};
		4F28215D2A818DA5007561A9 /* Products */ = {
			isa = PBXGroup;
			children = (
				4F28215C2A818DA5007561A9 /* CameraTok.framework */,
				4F2821642A818DA5007561A9 /* CameraTokTests.xctest */,
			);
			name = Products;
			sourceTree = "<group>";
		};
		4F28215E2A818DA5007561A9 /* CameraTok */ = {
			isa = PBXGroup;
			children = (
				4F27DF902A846431009A2738 /* Rate Feature */,
				4F27DF932A846696009A2738 /* Rate Cache */,
				4F2821742A81904F007561A9 /* Video Gallery Feature */,
				4F28217D2A81B368007561A9 /* Video Gallery Cache */,
			);
			path = CameraTok;
			sourceTree = "<group>";
		};
		4F2821682A818DA5007561A9 /* CameraTokTests */ = {
			isa = PBXGroup;
			children = (
				4F27DFA02A84B368009A2738 /* Helpers */,
				4F2821792A819866007561A9 /* LocalVideoGalleryLoaderTests.swift */,
				4F27DF9C2A84AFE4009A2738 /* LocalRateLoaderTests.swift */,
			);
			path = CameraTokTests;
			sourceTree = "<group>";
		};
		4F2821742A81904F007561A9 /* Video Gallery Feature */ = {
			isa = PBXGroup;
			children = (
				4F2821752A8190B4007561A9 /* VideoItem.swift */,
				4F2821772A819333007561A9 /* VideoGalleryLoader.swift */,
				4F2821822A81C17B007561A9 /* ThumbnailDataLoader.swift */,
				4FCE02F32A830AED00ED8A15 /* VideoDataLoader.swift */,
			);
			path = "Video Gallery Feature";
			sourceTree = "<group>";
		};
		4F28217D2A81B368007561A9 /* Video Gallery Cache */ = {
			isa = PBXGroup;
			children = (
				4FCE02F82A830EC400ED8A15 /* Infrastructure */,
				4F2821802A81B488007561A9 /* VideoLibrary.swift */,
				4F28217E2A81B3C5007561A9 /* LocalVideoGalleryLoader.swift */,
				4F2821842A81C206007561A9 /* LocalThumbnailDataLoader.swift */,
				4FCE02F92A830F0900ED8A15 /* LocalVideoDataLoader.swift */,
			);
			path = "Video Gallery Cache";
			sourceTree = "<group>";
		};
		4FCE02F82A830EC400ED8A15 /* Infrastructure */ = {
			isa = PBXGroup;
			children = (
				4F28217B2A819CC6007561A9 /* PhotoKitVideoLibrary.swift */,
				4F0736542A81D1DD00A82340 /* PhotoKitVideoDataLibrary.swift */,
			);
			path = Infrastructure;
			sourceTree = "<group>";
		};
/* End PBXGroup section */

/* Begin PBXHeadersBuildPhase section */
		4F2821572A818DA5007561A9 /* Headers */ = {
			isa = PBXHeadersBuildPhase;
			buildActionMask = 2147483647;
			files = (
			);
			runOnlyForDeploymentPostprocessing = 0;
		};
/* End PBXHeadersBuildPhase section */

/* Begin PBXNativeTarget section */
		4F28215B2A818DA5007561A9 /* CameraTok */ = {
			isa = PBXNativeTarget;
			buildConfigurationList = 4F28216E2A818DA5007561A9 /* Build configuration list for PBXNativeTarget "CameraTok" */;
			buildPhases = (
				4F2821572A818DA5007561A9 /* Headers */,
				4F2821582A818DA5007561A9 /* Sources */,
				4F2821592A818DA5007561A9 /* Frameworks */,
				4F28215A2A818DA5007561A9 /* Resources */,
			);
			buildRules = (
			);
			dependencies = (
			);
			name = CameraTok;
			productName = CameraTok;
			productReference = 4F28215C2A818DA5007561A9 /* CameraTok.framework */;
			productType = "com.apple.product-type.framework";
		};
		4F2821632A818DA5007561A9 /* CameraTokTests */ = {
			isa = PBXNativeTarget;
			buildConfigurationList = 4F2821712A818DA5007561A9 /* Build configuration list for PBXNativeTarget "CameraTokTests" */;
			buildPhases = (
				4F2821602A818DA5007561A9 /* Sources */,
				4F2821612A818DA5007561A9 /* Frameworks */,
				4F2821622A818DA5007561A9 /* Resources */,
			);
			buildRules = (
			);
			dependencies = (
				4F2821672A818DA5007561A9 /* PBXTargetDependency */,
			);
			name = CameraTokTests;
			productName = CameraTokTests;
			productReference = 4F2821642A818DA5007561A9 /* CameraTokTests.xctest */;
			productType = "com.apple.product-type.bundle.unit-test";
		};
/* End PBXNativeTarget section */

/* Begin PBXProject section */
		4F2821532A818DA5007561A9 /* Project object */ = {
			isa = PBXProject;
			attributes = {
				BuildIndependentTargetsInParallel = 1;
				LastSwiftUpdateCheck = 1430;
				LastUpgradeCheck = 1430;
				TargetAttributes = {
					4F28215B2A818DA5007561A9 = {
						CreatedOnToolsVersion = 14.3.1;
						LastSwiftMigration = 1430;
					};
					4F2821632A818DA5007561A9 = {
						CreatedOnToolsVersion = 14.3.1;
					};
				};
			};
			buildConfigurationList = 4F2821562A818DA5007561A9 /* Build configuration list for PBXProject "CameraTok" */;
			compatibilityVersion = "Xcode 14.0";
			developmentRegion = en;
			hasScannedForEncodings = 0;
			knownRegions = (
				en,
				Base,
			);
			mainGroup = 4F2821522A818DA5007561A9;
			productRefGroup = 4F28215D2A818DA5007561A9 /* Products */;
			projectDirPath = "";
			projectRoot = "";
			targets = (
				4F28215B2A818DA5007561A9 /* CameraTok */,
				4F2821632A818DA5007561A9 /* CameraTokTests */,
			);
		};
/* End PBXProject section */

/* Begin PBXResourcesBuildPhase section */
		4F28215A2A818DA5007561A9 /* Resources */ = {
			isa = PBXResourcesBuildPhase;
			buildActionMask = 2147483647;
			files = (
			);
			runOnlyForDeploymentPostprocessing = 0;
		};
		4F2821622A818DA5007561A9 /* Resources */ = {
			isa = PBXResourcesBuildPhase;
			buildActionMask = 2147483647;
			files = (
			);
			runOnlyForDeploymentPostprocessing = 0;
		};
/* End PBXResourcesBuildPhase section */

/* Begin PBXSourcesBuildPhase section */
		4F2821582A818DA5007561A9 /* Sources */ = {
			isa = PBXSourcesBuildPhase;
			buildActionMask = 2147483647;
			files = (
				4F2821762A8190B4007561A9 /* VideoItem.swift in Sources */,
				4F0736552A81D1DD00A82340 /* PhotoKitVideoDataLibrary.swift in Sources */,
				4F2821832A81C17B007561A9 /* ThumbnailDataLoader.swift in Sources */,
				4FCE02F42A830AED00ED8A15 /* VideoDataLoader.swift in Sources */,
				4F2821812A81B488007561A9 /* VideoLibrary.swift in Sources */,
				4F28217F2A81B3C5007561A9 /* LocalVideoGalleryLoader.swift in Sources */,
				4F27DF992A846763009A2738 /* RateItem.swift in Sources */,
				4FCE02FA2A830F0900ED8A15 /* LocalVideoDataLoader.swift in Sources */,
				4F27DF922A846543009A2738 /* RateCache.swift in Sources */,
				4F28217C2A819CC6007561A9 /* PhotoKitVideoLibrary.swift in Sources */,
				4F27DF9B2A8468F8009A2738 /* CodableRateStore.swift in Sources */,
				4F2821852A81C206007561A9 /* LocalThumbnailDataLoader.swift in Sources */,
				4F27DF972A8466FD009A2738 /* RateStore.swift in Sources */,
				4F2821782A819333007561A9 /* VideoGalleryLoader.swift in Sources */,
				4F27DF952A8466C7009A2738 /* LocalRateLoader.swift in Sources */,
			);
			runOnlyForDeploymentPostprocessing = 0;
		};
		4F2821602A818DA5007561A9 /* Sources */ = {
			isa = PBXSourcesBuildPhase;
			buildActionMask = 2147483647;
			files = (
				4F27DF9F2A84B02F009A2738 /* RateStoreSpy.swift in Sources */,
				4F27DFA22A84B373009A2738 /* XCTestCase+MemoryLeakTracking.swift in Sources */,
				4F28217A2A819866007561A9 /* LocalVideoGalleryLoaderTests.swift in Sources */,
				4F27DF9D2A84AFE4009A2738 /* LocalRateLoaderTests.swift in Sources */,
			);
			runOnlyForDeploymentPostprocessing = 0;
		};
/* End PBXSourcesBuildPhase section */

/* Begin PBXTargetDependency section */
		4F2821672A818DA5007561A9 /* PBXTargetDependency */ = {
			isa = PBXTargetDependency;
			target = 4F28215B2A818DA5007561A9 /* CameraTok */;
			targetProxy = 4F2821662A818DA5007561A9 /* PBXContainerItemProxy */;
		};
/* End PBXTargetDependency section */

/* Begin XCBuildConfiguration section */
		4F28216C2A818DA5007561A9 /* Debug */ = {
			isa = XCBuildConfiguration;
			buildSettings = {
				ALWAYS_SEARCH_USER_PATHS = NO;
				CLANG_ANALYZER_NONNULL = YES;
				CLANG_ANALYZER_NUMBER_OBJECT_CONVERSION = YES_AGGRESSIVE;
				CLANG_CXX_LANGUAGE_STANDARD = "gnu++20";
				CLANG_ENABLE_MODULES = YES;
				CLANG_ENABLE_OBJC_ARC = YES;
				CLANG_ENABLE_OBJC_WEAK = YES;
				CLANG_WARN_BLOCK_CAPTURE_AUTORELEASING = YES;
				CLANG_WARN_BOOL_CONVERSION = YES;
				CLANG_WARN_COMMA = YES;
				CLANG_WARN_CONSTANT_CONVERSION = YES;
				CLANG_WARN_DEPRECATED_OBJC_IMPLEMENTATIONS = YES;
				CLANG_WARN_DIRECT_OBJC_ISA_USAGE = YES_ERROR;
				CLANG_WARN_DOCUMENTATION_COMMENTS = YES;
				CLANG_WARN_EMPTY_BODY = YES;
				CLANG_WARN_ENUM_CONVERSION = YES;
				CLANG_WARN_INFINITE_RECURSION = YES;
				CLANG_WARN_INT_CONVERSION = YES;
				CLANG_WARN_NON_LITERAL_NULL_CONVERSION = YES;
				CLANG_WARN_OBJC_IMPLICIT_RETAIN_SELF = YES;
				CLANG_WARN_OBJC_LITERAL_CONVERSION = YES;
				CLANG_WARN_OBJC_ROOT_CLASS = YES_ERROR;
				CLANG_WARN_QUOTED_INCLUDE_IN_FRAMEWORK_HEADER = YES;
				CLANG_WARN_RANGE_LOOP_ANALYSIS = YES;
				CLANG_WARN_STRICT_PROTOTYPES = YES;
				CLANG_WARN_SUSPICIOUS_MOVE = YES;
				CLANG_WARN_UNGUARDED_AVAILABILITY = YES_AGGRESSIVE;
				CLANG_WARN_UNREACHABLE_CODE = YES;
				CLANG_WARN__DUPLICATE_METHOD_MATCH = YES;
				COPY_PHASE_STRIP = NO;
				CURRENT_PROJECT_VERSION = 1;
				DEBUG_INFORMATION_FORMAT = dwarf;
				ENABLE_STRICT_OBJC_MSGSEND = YES;
				ENABLE_TESTABILITY = YES;
				GCC_C_LANGUAGE_STANDARD = gnu11;
				GCC_DYNAMIC_NO_PIC = NO;
				GCC_NO_COMMON_BLOCKS = YES;
				GCC_OPTIMIZATION_LEVEL = 0;
				GCC_PREPROCESSOR_DEFINITIONS = (
					"DEBUG=1",
					"$(inherited)",
				);
				GCC_WARN_64_TO_32_BIT_CONVERSION = YES;
				GCC_WARN_ABOUT_RETURN_TYPE = YES_ERROR;
				GCC_WARN_UNDECLARED_SELECTOR = YES;
				GCC_WARN_UNINITIALIZED_AUTOS = YES_AGGRESSIVE;
				GCC_WARN_UNUSED_FUNCTION = YES;
				GCC_WARN_UNUSED_VARIABLE = YES;
				MACOSX_DEPLOYMENT_TARGET = 13.3;
				MTL_ENABLE_DEBUG_INFO = INCLUDE_SOURCE;
				MTL_FAST_MATH = YES;
				ONLY_ACTIVE_ARCH = YES;
				SDKROOT = macosx;
				SUPPORTED_PLATFORMS = "macosx iphoneos iphonesimulator";
				SWIFT_ACTIVE_COMPILATION_CONDITIONS = DEBUG;
				SWIFT_OPTIMIZATION_LEVEL = "-Onone";
				VERSIONING_SYSTEM = "apple-generic";
				VERSION_INFO_PREFIX = "";
			};
			name = Debug;
		};
		4F28216D2A818DA5007561A9 /* Release */ = {
			isa = XCBuildConfiguration;
			buildSettings = {
				ALWAYS_SEARCH_USER_PATHS = NO;
				CLANG_ANALYZER_NONNULL = YES;
				CLANG_ANALYZER_NUMBER_OBJECT_CONVERSION = YES_AGGRESSIVE;
				CLANG_CXX_LANGUAGE_STANDARD = "gnu++20";
				CLANG_ENABLE_MODULES = YES;
				CLANG_ENABLE_OBJC_ARC = YES;
				CLANG_ENABLE_OBJC_WEAK = YES;
				CLANG_WARN_BLOCK_CAPTURE_AUTORELEASING = YES;
				CLANG_WARN_BOOL_CONVERSION = YES;
				CLANG_WARN_COMMA = YES;
				CLANG_WARN_CONSTANT_CONVERSION = YES;
				CLANG_WARN_DEPRECATED_OBJC_IMPLEMENTATIONS = YES;
				CLANG_WARN_DIRECT_OBJC_ISA_USAGE = YES_ERROR;
				CLANG_WARN_DOCUMENTATION_COMMENTS = YES;
				CLANG_WARN_EMPTY_BODY = YES;
				CLANG_WARN_ENUM_CONVERSION = YES;
				CLANG_WARN_INFINITE_RECURSION = YES;
				CLANG_WARN_INT_CONVERSION = YES;
				CLANG_WARN_NON_LITERAL_NULL_CONVERSION = YES;
				CLANG_WARN_OBJC_IMPLICIT_RETAIN_SELF = YES;
				CLANG_WARN_OBJC_LITERAL_CONVERSION = YES;
				CLANG_WARN_OBJC_ROOT_CLASS = YES_ERROR;
				CLANG_WARN_QUOTED_INCLUDE_IN_FRAMEWORK_HEADER = YES;
				CLANG_WARN_RANGE_LOOP_ANALYSIS = YES;
				CLANG_WARN_STRICT_PROTOTYPES = YES;
				CLANG_WARN_SUSPICIOUS_MOVE = YES;
				CLANG_WARN_UNGUARDED_AVAILABILITY = YES_AGGRESSIVE;
				CLANG_WARN_UNREACHABLE_CODE = YES;
				CLANG_WARN__DUPLICATE_METHOD_MATCH = YES;
				COPY_PHASE_STRIP = NO;
				CURRENT_PROJECT_VERSION = 1;
				DEBUG_INFORMATION_FORMAT = "dwarf-with-dsym";
				ENABLE_NS_ASSERTIONS = NO;
				ENABLE_STRICT_OBJC_MSGSEND = YES;
				GCC_C_LANGUAGE_STANDARD = gnu11;
				GCC_NO_COMMON_BLOCKS = YES;
				GCC_WARN_64_TO_32_BIT_CONVERSION = YES;
				GCC_WARN_ABOUT_RETURN_TYPE = YES_ERROR;
				GCC_WARN_UNDECLARED_SELECTOR = YES;
				GCC_WARN_UNINITIALIZED_AUTOS = YES_AGGRESSIVE;
				GCC_WARN_UNUSED_FUNCTION = YES;
				GCC_WARN_UNUSED_VARIABLE = YES;
				MACOSX_DEPLOYMENT_TARGET = 13.3;
				MTL_ENABLE_DEBUG_INFO = NO;
				MTL_FAST_MATH = YES;
				SDKROOT = macosx;
				SUPPORTED_PLATFORMS = "macosx iphoneos iphonesimulator";
				SWIFT_COMPILATION_MODE = wholemodule;
				SWIFT_OPTIMIZATION_LEVEL = "-O";
				VERSIONING_SYSTEM = "apple-generic";
				VERSION_INFO_PREFIX = "";
			};
			name = Release;
		};
		4F28216F2A818DA5007561A9 /* Debug */ = {
			isa = XCBuildConfiguration;
			buildSettings = {
				CLANG_ENABLE_MODULES = YES;
				CODE_SIGN_STYLE = Automatic;
				COMBINE_HIDPI_IMAGES = YES;
				CURRENT_PROJECT_VERSION = 1;
				DEFINES_MODULE = YES;
				DEVELOPMENT_TEAM = TF59LXWJ93;
				DYLIB_COMPATIBILITY_VERSION = 1;
				DYLIB_CURRENT_VERSION = 1;
				DYLIB_INSTALL_NAME_BASE = "@rpath";
				ENABLE_MODULE_VERIFIER = YES;
				GENERATE_INFOPLIST_FILE = YES;
				INFOPLIST_KEY_NSHumanReadableCopyright = "";
				INSTALL_PATH = "$(LOCAL_LIBRARY_DIR)/Frameworks";
				LD_RUNPATH_SEARCH_PATHS = (
					"$(inherited)",
					"@executable_path/../Frameworks",
					"@loader_path/Frameworks",
				);
				MARKETING_VERSION = 1.0;
				MODULE_VERIFIER_SUPPORTED_LANGUAGES = "objective-c objective-c++";
				MODULE_VERIFIER_SUPPORTED_LANGUAGE_STANDARDS = "gnu11 gnu++20";
				PRODUCT_BUNDLE_IDENTIFIER = com.flavrs.CameraTok;
				PRODUCT_NAME = "$(TARGET_NAME:c99extidentifier)";
				SDKROOT = macosx;
				SKIP_INSTALL = YES;
				SUPPORTED_PLATFORMS = "macosx iphoneos iphonesimulator";
				SUPPORTS_MACCATALYST = NO;
				SUPPORTS_MAC_DESIGNED_FOR_IPHONE_IPAD = NO;
				SWIFT_EMIT_LOC_STRINGS = YES;
				SWIFT_OPTIMIZATION_LEVEL = "-Onone";
				SWIFT_VERSION = 5.0;
			};
			name = Debug;
		};
		4F2821702A818DA5007561A9 /* Release */ = {
			isa = XCBuildConfiguration;
			buildSettings = {
				CLANG_ENABLE_MODULES = YES;
				CODE_SIGN_STYLE = Automatic;
				COMBINE_HIDPI_IMAGES = YES;
				CURRENT_PROJECT_VERSION = 1;
				DEFINES_MODULE = YES;
				DEVELOPMENT_TEAM = TF59LXWJ93;
				DYLIB_COMPATIBILITY_VERSION = 1;
				DYLIB_CURRENT_VERSION = 1;
				DYLIB_INSTALL_NAME_BASE = "@rpath";
				ENABLE_MODULE_VERIFIER = YES;
				GENERATE_INFOPLIST_FILE = YES;
				INFOPLIST_KEY_NSHumanReadableCopyright = "";
				INSTALL_PATH = "$(LOCAL_LIBRARY_DIR)/Frameworks";
				LD_RUNPATH_SEARCH_PATHS = (
					"$(inherited)",
					"@executable_path/../Frameworks",
					"@loader_path/Frameworks",
				);
				MARKETING_VERSION = 1.0;
				MODULE_VERIFIER_SUPPORTED_LANGUAGES = "objective-c objective-c++";
				MODULE_VERIFIER_SUPPORTED_LANGUAGE_STANDARDS = "gnu11 gnu++20";
				PRODUCT_BUNDLE_IDENTIFIER = com.flavrs.CameraTok;
				PRODUCT_NAME = "$(TARGET_NAME:c99extidentifier)";
				SDKROOT = macosx;
				SKIP_INSTALL = YES;
				SUPPORTED_PLATFORMS = "macosx iphoneos iphonesimulator";
				SUPPORTS_MACCATALYST = NO;
				SUPPORTS_MAC_DESIGNED_FOR_IPHONE_IPAD = NO;
				SWIFT_EMIT_LOC_STRINGS = YES;
				SWIFT_VERSION = 5.0;
			};
			name = Release;
		};
		4F2821722A818DA5007561A9 /* Debug */ = {
			isa = XCBuildConfiguration;
			buildSettings = {
				ALWAYS_EMBED_SWIFT_STANDARD_LIBRARIES = YES;
				CODE_SIGN_STYLE = Automatic;
				CURRENT_PROJECT_VERSION = 1;
				DEVELOPMENT_TEAM = TF59LXWJ93;
				GENERATE_INFOPLIST_FILE = YES;
				MARKETING_VERSION = 1.0;
				PRODUCT_BUNDLE_IDENTIFIER = com.flavrs.CameraTokTests;
				PRODUCT_NAME = "$(TARGET_NAME)";
				SWIFT_EMIT_LOC_STRINGS = NO;
				SWIFT_VERSION = 5.0;
			};
			name = Debug;
		};
		4F2821732A818DA5007561A9 /* Release */ = {
			isa = XCBuildConfiguration;
			buildSettings = {
				ALWAYS_EMBED_SWIFT_STANDARD_LIBRARIES = YES;
				CODE_SIGN_STYLE = Automatic;
				CURRENT_PROJECT_VERSION = 1;
				DEVELOPMENT_TEAM = TF59LXWJ93;
				GENERATE_INFOPLIST_FILE = YES;
				MARKETING_VERSION = 1.0;
				PRODUCT_BUNDLE_IDENTIFIER = com.flavrs.CameraTokTests;
				PRODUCT_NAME = "$(TARGET_NAME)";
				SWIFT_EMIT_LOC_STRINGS = NO;
				SWIFT_VERSION = 5.0;
			};
			name = Release;
		};
/* End XCBuildConfiguration section */

/* Begin XCConfigurationList section */
		4F2821562A818DA5007561A9 /* Build configuration list for PBXProject "CameraTok" */ = {
			isa = XCConfigurationList;
			buildConfigurations = (
				4F28216C2A818DA5007561A9 /* Debug */,
				4F28216D2A818DA5007561A9 /* Release */,
			);
			defaultConfigurationIsVisible = 0;
			defaultConfigurationName = Release;
		};
		4F28216E2A818DA5007561A9 /* Build configuration list for PBXNativeTarget "CameraTok" */ = {
			isa = XCConfigurationList;
			buildConfigurations = (
				4F28216F2A818DA5007561A9 /* Debug */,
				4F2821702A818DA5007561A9 /* Release */,
			);
			defaultConfigurationIsVisible = 0;
			defaultConfigurationName = Release;
		};
		4F2821712A818DA5007561A9 /* Build configuration list for PBXNativeTarget "CameraTokTests" */ = {
			isa = XCConfigurationList;
			buildConfigurations = (
				4F2821722A818DA5007561A9 /* Debug */,
				4F2821732A818DA5007561A9 /* Release */,
			);
			defaultConfigurationIsVisible = 0;
			defaultConfigurationName = Release;
		};
/* End XCConfigurationList section */
	};
	rootObject = 4F2821532A818DA5007561A9 /* Project object */;
}
